
Microsoft Visual Studio Solution File, Format Version 12.00
# Visual Studio Version 16
VisualStudioVersion = 16.0.29728.190
MinimumVisualStudioVersion = 10.0.40219.1
Project("{FAE04EC0-301F-11D3-BF4B-00C04F79EFBC}") = "Taxi.Common", "Taxi.Common\Taxi.Common.csproj", "{60B01AE6-BA0B-4075-8104-BAEA24D474D2}"
EndProject
Project("{FAE04EC0-301F-11D3-BF4B-00C04F79EFBC}") = "Taxi.Web", "Taxi.Web\Taxi.Web.csproj", "{012C1D30-C041-4FE2-94A7-829BB10C410C}"
EndProject
Project("{FAE04EC0-301F-11D3-BF4B-00C04F79EFBC}") = "Taxi.Prism", "Taxi.Prism\Taxi.Prism\Taxi.Prism.csproj", "{B6B685BF-D006-4C79-A627-6E45BDB0FEA3}"
EndProject
Project("{FAE04EC0-301F-11D3-BF4B-00C04F79EFBC}") = "Taxi.Prism.Android", "Taxi.Prism\Taxi.Prism.Android\Taxi.Prism.Android.csproj", "{7322F03A-576A-4C10-BBE0-A0B0B505EC49}"
EndProject
Project("{FAE04EC0-301F-11D3-BF4B-00C04F79EFBC}") = "Taxi.Prism.iOS", "Taxi.Prism\Taxi.Prism.iOS\Taxi.Prism.iOS.csproj", "{ECCA3B0A-72B5-40F4-BD0F-051A2B13FA65}"
EndProject
Global
	GlobalSection(SolutionConfigurationPlatforms) = preSolution
		Ad-Hoc|Any CPU = Ad-Hoc|Any CPU
		Ad-Hoc|iPhone = Ad-Hoc|iPhone
		Ad-Hoc|iPhoneSimulator = Ad-Hoc|iPhoneSimulator
		AppStore|Any CPU = AppStore|Any CPU
		AppStore|iPhone = AppStore|iPhone
		AppStore|iPhoneSimulator = AppStore|iPhoneSimulator
		Debug|Any CPU = Debug|Any CPU
		Debug|iPhone = Debug|iPhone
		Debug|iPhoneSimulator = Debug|iPhoneSimulator
		Release|Any CPU = Release|Any CPU
		Release|iPhone = Release|iPhone
		Release|iPhoneSimulator = Release|iPhoneSimulator
	EndGlobalSection
	GlobalSection(ProjectConfigurationPlatforms) = postSolution
		{60B01AE6-BA0B-4075-8104-BAEA24D474D2}.Ad-Hoc|Any CPU.ActiveCfg = Debug|Any CPU
		{60B01AE6-BA0B-4075-8104-BAEA24D474D2}.Ad-Hoc|Any CPU.Build.0 = Debug|Any CPU
		{60B01AE6-BA0B-4075-8104-BAEA24D474D2}.Ad-Hoc|iPhone.ActiveCfg = Debug|Any CPU
		{60B01AE6-BA0B-4075-8104-BAEA24D474D2}.Ad-Hoc|iPhone.Build.0 = Debug|Any CPU
		{60B01AE6-BA0B-4075-8104-BAEA24D474D2}.Ad-Hoc|iPhoneSimulator.ActiveCfg = Debug|Any CPU
		{60B01AE6-BA0B-4075-8104-BAEA24D474D2}.Ad-Hoc|iPhoneSimulator.Build.0 = Debug|Any CPU
		{60B01AE6-BA0B-4075-8104-BAEA24D474D2}.AppStore|Any CPU.ActiveCfg = Debug|Any CPU
		{60B01AE6-BA0B-4075-8104-BAEA24D474D2}.AppStore|Any CPU.Build.0 = Debug|Any CPU
		{60B01AE6-BA0B-4075-8104-BAEA24D474D2}.AppStore|iPhone.ActiveCfg = Debug|Any CPU
		{60B01AE6-BA0B-4075-8104-BAEA24D474D2}.AppStore|iPhone.Build.0 = Debug|Any CPU
		{60B01AE6-BA0B-4075-8104-BAEA24D474D2}.AppStore|iPhoneSimulator.ActiveCfg = Debug|Any CPU
		{60B01AE6-BA0B-4075-8104-BAEA24D474D2}.AppStore|iPhoneSimulator.Build.0 = Debug|Any CPU
		{60B01AE6-BA0B-4075-8104-BAEA24D474D2}.Debug|Any CPU.ActiveCfg = Debug|Any CPU
		{60B01AE6-BA0B-4075-8104-BAEA24D474D2}.Debug|Any CPU.Build.0 = Debug|Any CPU
		{60B01AE6-BA0B-4075-8104-BAEA24D474D2}.Debug|iPhone.ActiveCfg = Debug|Any CPU
		{60B01AE6-BA0B-4075-8104-BAEA24D474D2}.Debug|iPhone.Build.0 = Debug|Any CPU
		{60B01AE6-BA0B-4075-8104-BAEA24D474D2}.Debug|iPhoneSimulator.ActiveCfg = Debug|Any CPU
		{60B01AE6-BA0B-4075-8104-BAEA24D474D2}.Debug|iPhoneSimulator.Build.0 = Debug|Any CPU
		{60B01AE6-BA0B-4075-8104-BAEA24D474D2}.Release|Any CPU.ActiveCfg = Release|Any CPU
		{60B01AE6-BA0B-4075-8104-BAEA24D474D2}.Release|Any CPU.Build.0 = Release|Any CPU
		{60B01AE6-BA0B-4075-8104-BAEA24D474D2}.Release|iPhone.ActiveCfg = Release|Any CPU
		{60B01AE6-BA0B-4075-8104-BAEA24D474D2}.Release|iPhone.Build.0 = Release|Any CPU
		{60B01AE6-BA0B-4075-8104-BAEA24D474D2}.Release|iPhoneSimulator.ActiveCfg = Release|Any CPU
		{60B01AE6-BA0B-4075-8104-BAEA24D474D2}.Release|iPhoneSimulator.Build.0 = Release|Any CPU
		{012C1D30-C041-4FE2-94A7-829BB10C410C}.Ad-Hoc|Any CPU.ActiveCfg = Debug|Any CPU
		{012C1D30-C041-4FE2-94A7-829BB10C410C}.Ad-Hoc|Any CPU.Build.0 = Debug|Any CPU
		{012C1D30-C041-4FE2-94A7-829BB10C410C}.Ad-Hoc|iPhone.ActiveCfg = Debug|Any CPU
		{012C1D30-C041-4FE2-94A7-829BB10C410C}.Ad-Hoc|iPhone.Build.0 = Debug|Any CPU
		{012C1D30-C041-4FE2-94A7-829BB10C410C}.Ad-Hoc|iPhoneSimulator.ActiveCfg = Debug|Any CPU
		{012C1D30-C041-4FE2-94A7-829BB10C410C}.Ad-Hoc|iPhoneSimulator.Build.0 = Debug|Any CPU
		{012C1D30-C041-4FE2-94A7-829BB10C410C}.AppStore|Any CPU.ActiveCfg = Debug|Any CPU
		{012C1D30-C041-4FE2-94A7-829BB10C410C}.AppStore|Any CPU.Build.0 = Debug|Any CPU
		{012C1D30-C041-4FE2-94A7-829BB10C410C}.AppStore|iPhone.ActiveCfg = Debug|Any CPU
		{012C1D30-C041-4FE2-94A7-829BB10C410C}.AppStore|iPhone.Build.0 = Debug|Any CPU
		{012C1D30-C041-4FE2-94A7-829BB10C410C}.AppStore|iPhoneSimulator.ActiveCfg = Debug|Any CPU
		{012C1D30-C041-4FE2-94A7-829BB10C410C}.AppStore|iPhoneSimulator.Build.0 = Debug|Any CPU
		{012C1D30-C041-4FE2-94A7-829BB10C410C}.Debug|Any CPU.ActiveCfg = Debug|Any CPU
		{012C1D30-C041-4FE2-94A7-829BB10C410C}.Debug|Any CPU.Build.0 = Debug|Any CPU
		{012C1D30-C041-4FE2-94A7-829BB10C410C}.Debug|iPhone.ActiveCfg = Debug|Any CPU
		{012C1D30-C041-4FE2-94A7-829BB10C410C}.Debug|iPhone.Build.0 = Debug|Any CPU
		{012C1D30-C041-4FE2-94A7-829BB10C410C}.Debug|iPhoneSimulator.ActiveCfg = Debug|Any CPU
		{012C1D30-C041-4FE2-94A7-829BB10C410C}.Debug|iPhoneSimulator.Build.0 = Debug|Any CPU
		{012C1D30-C041-4FE2-94A7-829BB10C410C}.Release|Any CPU.ActiveCfg = Release|Any CPU
		{012C1D30-C041-4FE2-94A7-829BB10C410C}.Release|Any CPU.Build.0 = Release|Any CPU
		{012C1D30-C041-4FE2-94A7-829BB10C410C}.Release|iPhone.ActiveCfg = Release|Any CPU
		{012C1D30-C041-4FE2-94A7-829BB10C410C}.Release|iPhone.Build.0 = Release|Any CPU
		{012C1D30-C041-4FE2-94A7-829BB10C410C}.Release|iPhoneSimulator.ActiveCfg = Release|Any CPU
		{012C1D30-C041-4FE2-94A7-829BB10C410C}.Release|iPhoneSimulator.Build.0 = Release|Any CPU
		{B6B685BF-D006-4C79-A627-6E45BDB0FEA3}.Ad-Hoc|Any CPU.ActiveCfg = Debug|Any CPU
		{B6B685BF-D006-4C79-A627-6E45BDB0FEA3}.Ad-Hoc|Any CPU.Build.0 = Debug|Any CPU
		{B6B685BF-D006-4C79-A627-6E45BDB0FEA3}.Ad-Hoc|iPhone.ActiveCfg = Debug|Any CPU
		{B6B685BF-D006-4C79-A627-6E45BDB0FEA3}.Ad-Hoc|iPhone.Build.0 = Debug|Any CPU
		{B6B685BF-D006-4C79-A627-6E45BDB0FEA3}.Ad-Hoc|iPhoneSimulator.ActiveCfg = Debug|Any CPU
		{B6B685BF-D006-4C79-A627-6E45BDB0FEA3}.Ad-Hoc|iPhoneSimulator.Build.0 = Debug|Any CPU
		{B6B685BF-D006-4C79-A627-6E45BDB0FEA3}.AppStore|Any CPU.ActiveCfg = Debug|Any CPU
		{B6B685BF-D006-4C79-A627-6E45BDB0FEA3}.AppStore|Any CPU.Build.0 = Debug|Any CPU
		{B6B685BF-D006-4C79-A627-6E45BDB0FEA3}.AppStore|iPhone.ActiveCfg = Debug|Any CPU
		{B6B685BF-D006-4C79-A627-6E45BDB0FEA3}.AppStore|iPhone.Build.0 = Debug|Any CPU
		{B6B685BF-D006-4C79-A627-6E45BDB0FEA3}.AppStore|iPhoneSimulator.ActiveCfg = Debug|Any CPU
		{B6B685BF-D006-4C79-A627-6E45BDB0FEA3}.AppStore|iPhoneSimulator.Build.0 = Debug|Any CPU
		{B6B685BF-D006-4C79-A627-6E45BDB0FEA3}.Debug|Any CPU.ActiveCfg = Debug|Any CPU
		{B6B685BF-D006-4C79-A627-6E45BDB0FEA3}.Debug|Any CPU.Build.0 = Debug|Any CPU
		{B6B685BF-D006-4C79-A627-6E45BDB0FEA3}.Debug|iPhone.ActiveCfg = Debug|Any CPU
		{B6B685BF-D006-4C79-A627-6E45BDB0FEA3}.Debug|iPhone.Build.0 = Debug|Any CPU
		{B6B685BF-D006-4C79-A627-6E45BDB0FEA3}.Debug|iPhoneSimulator.ActiveCfg = Debug|Any CPU
		{B6B685BF-D006-4C79-A627-6E45BDB0FEA3}.Debug|iPhoneSimulator.Build.0 = Debug|Any CPU
		{B6B685BF-D006-4C79-A627-6E45BDB0FEA3}.Release|Any CPU.ActiveCfg = Release|Any CPU
		{B6B685BF-D006-4C79-A627-6E45BDB0FEA3}.Release|Any CPU.Build.0 = Release|Any CPU
		{B6B685BF-D006-4C79-A627-6E45BDB0FEA3}.Release|iPhone.ActiveCfg = Release|Any CPU
		{B6B685BF-D006-4C79-A627-6E45BDB0FEA3}.Release|iPhone.Build.0 = Release|Any CPU
		{B6B685BF-D006-4C79-A627-6E45BDB0FEA3}.Release|iPhoneSimulator.ActiveCfg = Release|Any CPU
		{B6B685BF-D006-4C79-A627-6E45BDB0FEA3}.Release|iPhoneSimulator.Build.0 = Release|Any CPU
		{7322F03A-576A-4C10-BBE0-A0B0B505EC49}.Ad-Hoc|Any CPU.ActiveCfg = Release|Any CPU
		{7322F03A-576A-4C10-BBE0-A0B0B505EC49}.Ad-Hoc|Any CPU.Build.0 = Release|Any CPU
		{7322F03A-576A-4C10-BBE0-A0B0B505EC49}.Ad-Hoc|Any CPU.Deploy.0 = Release|Any CPU
		{7322F03A-576A-4C10-BBE0-A0B0B505EC49}.Ad-Hoc|iPhone.ActiveCfg = Release|Any CPU
		{7322F03A-576A-4C10-BBE0-A0B0B505EC49}.Ad-Hoc|iPhone.Build.0 = Release|Any CPU
		{7322F03A-576A-4C10-BBE0-A0B0B505EC49}.Ad-Hoc|iPhone.Deploy.0 = Release|Any CPU
		{7322F03A-576A-4C10-BBE0-A0B0B505EC49}.Ad-Hoc|iPhoneSimulator.ActiveCfg = Release|Any CPU
		{7322F03A-576A-4C10-BBE0-A0B0B505EC49}.Ad-Hoc|iPhoneSimulator.Build.0 = Release|Any CPU
		{7322F03A-576A-4C10-BBE0-A0B0B505EC49}.Ad-Hoc|iPhoneSimulator.Deploy.0 = Release|Any CPU
		{7322F03A-576A-4C10-BBE0-A0B0B505EC49}.AppStore|Any CPU.ActiveCfg = Release|Any CPU
		{7322F03A-576A-4C10-BBE0-A0B0B505EC49}.AppStore|Any CPU.Build.0 = Release|Any CPU
		{7322F03A-576A-4C10-BBE0-A0B0B505EC49}.AppStore|Any CPU.Deploy.0 = Release|Any CPU
		{7322F03A-576A-4C10-BBE0-A0B0B505EC49}.AppStore|iPhone.ActiveCfg = Release|Any CPU
		{7322F03A-576A-4C10-BBE0-A0B0B505EC49}.AppStore|iPhone.Build.0 = Release|Any CPU
		{7322F03A-576A-4C10-BBE0-A0B0B505EC49}.AppStore|iPhone.Deploy.0 = Release|Any CPU
		{7322F03A-576A-4C10-BBE0-A0B0B505EC49}.AppStore|iPhoneSimulator.ActiveCfg = Release|Any CPU
		{7322F03A-576A-4C10-BBE0-A0B0B505EC49}.AppStore|iPhoneSimulator.Build.0 = Release|Any CPU
		{7322F03A-576A-4C10-BBE0-A0B0B505EC49}.AppStore|iPhoneSimulator.Deploy.0 = Release|Any CPU
		{7322F03A-576A-4C10-BBE0-A0B0B505EC49}.Debug|Any CPU.ActiveCfg = Debug|Any CPU
		{7322F03A-576A-4C10-BBE0-A0B0B505EC49}.Debug|Any CPU.Build.0 = Debug|Any CPU
		{7322F03A-576A-4C10-BBE0-A0B0B505EC49}.Debug|Any CPU.Deploy.0 = Debug|Any CPU
		{7322F03A-576A-4C10-BBE0-A0B0B505EC49}.Debug|iPhone.ActiveCfg = Debug|Any CPU
		{7322F03A-576A-4C10-BBE0-A0B0B505EC49}.Debug|iPhone.Build.0 = Debug|Any CPU
		{7322F03A-576A-4C10-BBE0-A0B0B505EC49}.Debug|iPhone.Deploy.0 = Debug|Any CPU
		{7322F03A-576A-4C10-BBE0-A0B0B505EC49}.Debug|iPhoneSimulator.ActiveCfg = Debug|Any CPU
		{7322F03A-576A-4C10-BBE0-A0B0B505EC49}.Debug|iPhoneSimulator.Build.0 = Debug|Any CPU
		{7322F03A-576A-4C10-BBE0-A0B0B505EC49}.Debug|iPhoneSimulator.Deploy.0 = Debug|Any CPU
		{7322F03A-576A-4C10-BBE0-A0B0B505EC49}.Release|Any CPU.ActiveCfg = Release|Any CPU
		{7322F03A-576A-4C10-BBE0-A0B0B505EC49}.Release|Any CPU.Build.0 = Release|Any CPU
		{7322F03A-576A-4C10-BBE0-A0B0B505EC49}.Release|Any CPU.Deploy.0 = Release|Any CPU
		{7322F03A-576A-4C10-BBE0-A0B0B505EC49}.Release|iPhone.ActiveCfg = Release|Any CPU
		{7322F03A-576A-4C10-BBE0-A0B0B505EC49}.Release|iPhone.Build.0 = Release|Any CPU
		{7322F03A-576A-4C10-BBE0-A0B0B505EC49}.Release|iPhone.Deploy.0 = Release|Any CPU
		{7322F03A-576A-4C10-BBE0-A0B0B505EC49}.Release|iPhoneSimulator.ActiveCfg = Release|Any CPU
		{7322F03A-576A-4C10-BBE0-A0B0B505EC49}.Release|iPhoneSimulator.Build.0 = Release|Any CPU
		{7322F03A-576A-4C10-BBE0-A0B0B505EC49}.Release|iPhoneSimulator.Deploy.0 = Release|Any CPU
		{ECCA3B0A-72B5-40F4-BD0F-051A2B13FA65}.Ad-Hoc|Any CPU.ActiveCfg = Ad-Hoc|iPhone
		{ECCA3B0A-72B5-40F4-BD0F-051A2B13FA65}.Ad-Hoc|iPhone.ActiveCfg = Ad-Hoc|iPhone
		{ECCA3B0A-72B5-40F4-BD0F-051A2B13FA65}.Ad-Hoc|iPhone.Build.0 = Ad-Hoc|iPhone
		{ECCA3B0A-72B5-40F4-BD0F-051A2B13FA65}.Ad-Hoc|iPhoneSimulator.ActiveCfg = Ad-Hoc|iPhoneSimulator
		{ECCA3B0A-72B5-40F4-BD0F-051A2B13FA65}.Ad-Hoc|iPhoneSimulator.Build.0 = Ad-Hoc|iPhoneSimulator
		{ECCA3B0A-72B5-40F4-BD0F-051A2B13FA65}.AppStore|Any CPU.ActiveCfg = AppStore|iPhone
		{ECCA3B0A-72B5-40F4-BD0F-051A2B13FA65}.AppStore|iPhone.ActiveCfg = AppStore|iPhone
		{ECCA3B0A-72B5-40F4-BD0F-051A2B13FA65}.AppStore|iPhone.Build.0 = AppStore|iPhone
		{ECCA3B0A-72B5-40F4-BD0F-051A2B13FA65}.AppStore|iPhoneSimulator.ActiveCfg = AppStore|iPhoneSimulator
		{ECCA3B0A-72B5-40F4-BD0F-051A2B13FA65}.AppStore|iPhoneSimulator.Build.0 = AppStore|iPhoneSimulator
		{ECCA3B0A-72B5-40F4-BD0F-051A2B13FA65}.Debug|Any CPU.ActiveCfg = Debug|iPhone
		{ECCA3B0A-72B5-40F4-BD0F-051A2B13FA65}.Debug|iPhone.ActiveCfg = Debug|iPhone
		{ECCA3B0A-72B5-40F4-BD0F-051A2B13FA65}.Debug|iPhone.Build.0 = Debug|iPhone
		{ECCA3B0A-72B5-40F4-BD0F-051A2B13FA65}.Debug|iPhoneSimulator.ActiveCfg = Debug|iPhoneSimulator
		{ECCA3B0A-72B5-40F4-BD0F-051A2B13FA65}.Debug|iPhoneSimulator.Build.0 = Debug|iPhoneSimulator
		{ECCA3B0A-72B5-40F4-BD0F-051A2B13FA65}.Release|Any CPU.ActiveCfg = Release|iPhone
		{ECCA3B0A-72B5-40F4-BD0F-051A2B13FA65}.Release|iPhone.ActiveCfg = Release|iPhone
		{ECCA3B0A-72B5-40F4-BD0F-051A2B13FA65}.Release|iPhone.Build.0 = Release|iPhone
		{ECCA3B0A-72B5-40F4-BD0F-051A2B13FA65}.Release|iPhoneSimulator.ActiveCfg = Release|iPhoneSimulator
		{ECCA3B0A-72B5-40F4-BD0F-051A2B13FA65}.Release|iPhoneSimulator.Build.0 = Release|iPhoneSimulator
	EndGlobalSection
	GlobalSection(SolutionProperties) = preSolution
		HideSolutionNode = FALSE
	EndGlobalSection
	GlobalSection(ExtensibilityGlobals) = postSolution
		SolutionGuid = {F4778742-930C-468A-B36A-DCC3ED44F808}
	EndGlobalSection
EndGlobal
